
Microsoft Visual Studio Solution File, Format Version 12.00
# Visual Studio Version 16
VisualStudioVersion = 16.0.29201.188
MinimumVisualStudioVersion = 16.0.29201.188
Project("{9A19103F-16F7-4668-BE54-9A1E7A4F7556}") = "Obsolete.Fody", "Obsolete.Fody\Obsolete.Fody.csproj", "{C3578A7B-09A6-4444-9383-0DEAFA4958BD}"
EndProject
Project("{9A19103F-16F7-4668-BE54-9A1E7A4F7556}") = "AssemblyToProcess", "AssemblyToProcess\AssemblyToProcess.csproj", "{40939411-32F0-48DD-B17B-FA46DD5D9B25}"
EndProject
Project("{9A19103F-16F7-4668-BE54-9A1E7A4F7556}") = "Obsolete", "Obsolete\Obsolete.csproj", "{5D6191BF-F0EE-474D-B168-BB92418A0F3D}"
	ProjectSection(ProjectDependencies) = postProject
		{C3578A7B-09A6-4444-9383-0DEAFA4958BD} = {C3578A7B-09A6-4444-9383-0DEAFA4958BD}
	EndProjectSection
EndProject
Project("{9A19103F-16F7-4668-BE54-9A1E7A4F7556}") = "Tests", "Tests\Tests.csproj", "{DAB36D28-050A-4F2A-AA93-B3163F92D71A}"
EndProject
Project("{2150E333-8FDC-42A3-9474-1A3956D46DE8}") = "Solution Items", "Solution Items", "{542159B5-0A1C-4A9E-9F8B-419440F21481}"
	ProjectSection(SolutionItems) = preProject
		Directory.Build.props = Directory.Build.props
	EndProjectSection
EndProject
Global
	GlobalSection(SolutionConfigurationPlatforms) = preSolution
		Debug|Any CPU = Debug|Any CPU
		Release|Any CPU = Release|Any CPU
	EndGlobalSection
	GlobalSection(ProjectConfigurationPlatforms) = postSolution
		{C3578A7B-09A6-4444-9383-0DEAFA4958BD}.Debug|Any CPU.ActiveCfg = Debug|Any CPU
		{C3578A7B-09A6-4444-9383-0DEAFA4958BD}.Debug|Any CPU.Build.0 = Debug|Any CPU
		{C3578A7B-09A6-4444-9383-0DEAFA4958BD}.Release|Any CPU.ActiveCfg = Release|Any CPU
		{C3578A7B-09A6-4444-9383-0DEAFA4958BD}.Release|Any CPU.Build.0 = Release|Any CPU
		{40939411-32F0-48DD-B17B-FA46DD5D9B25}.Debug|Any CPU.ActiveCfg = Debug|Any CPU
		{40939411-32F0-48DD-B17B-FA46DD5D9B25}.Debug|Any CPU.Build.0 = Debug|Any CPU
		{40939411-32F0-48DD-B17B-FA46DD5D9B25}.Release|Any CPU.ActiveCfg = Release|Any CPU
		{40939411-32F0-48DD-B17B-FA46DD5D9B25}.Release|Any CPU.Build.0 = Release|Any CPU
		{5D6191BF-F0EE-474D-B168-BB92418A0F3D}.Debug|Any CPU.ActiveCfg = Debug|Any CPU
		{5D6191BF-F0EE-474D-B168-BB92418A0F3D}.Debug|Any CPU.Build.0 = Debug|Any CPU
		{5D6191BF-F0EE-474D-B168-BB92418A0F3D}.Release|Any CPU.ActiveCfg = Release|Any CPU
		{5D6191BF-F0EE-474D-B168-BB92418A0F3D}.Release|Any CPU.Build.0 = Release|Any CPU
		{DAB36D28-050A-4F2A-AA93-B3163F92D71A}.Debug|Any CPU.ActiveCfg = Debug|Any CPU
		{DAB36D28-050A-4F2A-AA93-B3163F92D71A}.Debug|Any CPU.Build.0 = Debug|Any CPU
		{DAB36D28-050A-4F2A-AA93-B3163F92D71A}.Release|Any CPU.ActiveCfg = Release|Any CPU
		{DAB36D28-050A-4F2A-AA93-B3163F92D71A}.Release|Any CPU.Build.0 = Release|Any CPU
	EndGlobalSection
	GlobalSection(SolutionProperties) = preSolution
		HideSolutionNode = FALSE
	EndGlobalSection
	GlobalSection(ExtensibilityGlobals) = postSolution
		SolutionGuid = {F52105BA-9977-433F-B466-7545FAE3A927}
	EndGlobalSection
EndGlobal
